// !$*UTF8*$!
{
	archiveVersion = 1;
	classes = {
	};
	objectVersion = 46;
	objects = {

/* Begin PBXBuildFile section */
		1F0378FC1A7703CE00C86FA8 /* JSONEditor.h in Headers */ = {isa = PBXBuildFile; fileRef = 1F0378FB1A7703CE00C86FA8 /* JSONEditor.h */; settings = {ATTRIBUTES = (Public, ); }; };
		1F03790E1A7703CE00C86FA8 /* JSONEditor.framework in Frameworks */ = {isa = PBXBuildFile; fileRef = 1F0378F71A7703CE00C86FA8 /* JSONEditor.framework */; };
		1F03790F1A7703CE00C86FA8 /* JSONEditor.framework in Embed Frameworks */ = {isa = PBXBuildFile; fileRef = 1F0378F71A7703CE00C86FA8 /* JSONEditor.framework */; settings = {ATTRIBUTES = (CodeSignOnCopy, RemoveHeadersOnCopy, ); }; };
		1F0379191A77041D00C86FA8 /* JSONEditorController.swift in Sources */ = {isa = PBXBuildFile; fileRef = 1F0379171A77041D00C86FA8 /* JSONEditorController.swift */; };
		1F03792F1A7710D300C86FA8 /* SwiftyJSON.framework in Frameworks */ = {isa = PBXBuildFile; fileRef = 1F03792E1A7710B400C86FA8 /* SwiftyJSON.framework */; };
		1F0470621A7463A100466760 /* Application.icns in Resources */ = {isa = PBXBuildFile; fileRef = 1F0470601A7463A100466760 /* Application.icns */; };
		1F0470631A7463A100466760 /* Document.icns in Resources */ = {isa = PBXBuildFile; fileRef = 1F0470611A7463A100466760 /* Document.icns */; };
		1F682B421A7462270021ABEA /* AppDelegate.swift in Sources */ = {isa = PBXBuildFile; fileRef = 1F682B411A7462270021ABEA /* AppDelegate.swift */; };
		1F682B441A7462270021ABEA /* Images.xcassets in Resources */ = {isa = PBXBuildFile; fileRef = 1F682B431A7462270021ABEA /* Images.xcassets */; };
		1F682B471A7462270021ABEA /* MainMenu.xib in Resources */ = {isa = PBXBuildFile; fileRef = 1F682B451A7462270021ABEA /* MainMenu.xib */; };
		1F8F88E31A772E88002CE00D /* JSONEditorController.xib in Resources */ = {isa = PBXBuildFile; fileRef = 1F8F88E51A772E88002CE00D /* JSONEditorController.xib */; };
		1F8F88EB1A772EC5002CE00D /* JSONEditorController.stringsdict in Resources */ = {isa = PBXBuildFile; fileRef = 1F8F88ED1A772EC5002CE00D /* JSONEditorController.stringsdict */; };
		3D83B9FF068C60FB17A5D7EC /* Pods.framework in Frameworks */ = {isa = PBXBuildFile; fileRef = 68817457F183C494E7E857C0 /* Pods.framework */; settings = {ATTRIBUTES = (Weak, ); }; };
/* End PBXBuildFile section */

/* Begin PBXContainerItemProxy section */
		1F03790C1A7703CE00C86FA8 /* PBXContainerItemProxy */ = {
			isa = PBXContainerItemProxy;
			containerPortal = 1F682B341A7462270021ABEA /* Project object */;
			proxyType = 1;
			remoteGlobalIDString = 1F0378F61A7703CE00C86FA8;
			remoteInfo = JSONEditor;
		};
		1F03792B1A7710B400C86FA8 /* PBXContainerItemProxy */ = {
			isa = PBXContainerItemProxy;
			containerPortal = 1F03791E1A77106E00C86FA8 /* Pods.xcodeproj */;
			proxyType = 2;
			remoteGlobalIDString = DA4EC804DD887B6B3BC0416A;
			remoteInfo = Pods;
		};
		1F03792D1A7710B400C86FA8 /* PBXContainerItemProxy */ = {
			isa = PBXContainerItemProxy;
			containerPortal = 1F03791E1A77106E00C86FA8 /* Pods.xcodeproj */;
			proxyType = 2;
			remoteGlobalIDString = CAF0A3969732F73282B7FAB8;
			remoteInfo = "Pods-SwiftyJSON";
		};
		1F0379301A7710DA00C86FA8 /* PBXContainerItemProxy */ = {
			isa = PBXContainerItemProxy;
			containerPortal = 1F03791E1A77106E00C86FA8 /* Pods.xcodeproj */;
			proxyType = 1;
			remoteGlobalIDString = A3FABB46EC546E5D2E975C36;
			remoteInfo = "Pods-SwiftyJSON";
		};
/* End PBXContainerItemProxy section */

/* Begin PBXCopyFilesBuildPhase section */
		1F0379151A7703CE00C86FA8 /* Embed Frameworks */ = {
			isa = PBXCopyFilesBuildPhase;
			buildActionMask = 2147483647;
			dstPath = "";
			dstSubfolderSpec = 10;
			files = (
				1F03790F1A7703CE00C86FA8 /* JSONEditor.framework in Embed Frameworks */,
			);
			name = "Embed Frameworks";
			runOnlyForDeploymentPostprocessing = 0;
		};
/* End PBXCopyFilesBuildPhase section */

/* Begin PBXFileReference section */
		1F0378F71A7703CE00C86FA8 /* JSONEditor.framework */ = {isa = PBXFileReference; explicitFileType = wrapper.framework; includeInIndex = 0; path = JSONEditor.framework; sourceTree = BUILT_PRODUCTS_DIR; };
		1F0378FA1A7703CE00C86FA8 /* Info.plist */ = {isa = PBXFileReference; lastKnownFileType = text.plist.xml; path = Info.plist; sourceTree = "<group>"; };
		1F0378FB1A7703CE00C86FA8 /* JSONEditor.h */ = {isa = PBXFileReference; lastKnownFileType = sourcecode.c.h; path = JSONEditor.h; sourceTree = "<group>"; };
		1F0379171A77041D00C86FA8 /* JSONEditorController.swift */ = {isa = PBXFileReference; fileEncoding = 4; lastKnownFileType = sourcecode.swift; path = JSONEditorController.swift; sourceTree = "<group>"; };
		1F03791E1A77106E00C86FA8 /* Pods.xcodeproj */ = {isa = PBXFileReference; lastKnownFileType = "wrapper.pb-project"; name = Pods.xcodeproj; path = Pods/Pods.xcodeproj; sourceTree = "<group>"; };
		1F04705E1A7462CC00466760 /* WatchBuilder.entitlements */ = {isa = PBXFileReference; lastKnownFileType = text.xml; path = WatchBuilder.entitlements; sourceTree = "<group>"; };
		1F0470601A7463A100466760 /* Application.icns */ = {isa = PBXFileReference; lastKnownFileType = image.icns; path = Application.icns; sourceTree = "<group>"; };
		1F0470611A7463A100466760 /* Document.icns */ = {isa = PBXFileReference; lastKnownFileType = image.icns; path = Document.icns; sourceTree = "<group>"; };
		1F682B3C1A7462270021ABEA /* WatchBuilder.app */ = {isa = PBXFileReference; explicitFileType = wrapper.application; includeInIndex = 0; path = WatchBuilder.app; sourceTree = BUILT_PRODUCTS_DIR; };
		1F682B401A7462270021ABEA /* Info.plist */ = {isa = PBXFileReference; lastKnownFileType = text.plist.xml; path = Info.plist; sourceTree = "<group>"; };
		1F682B411A7462270021ABEA /* AppDelegate.swift */ = {isa = PBXFileReference; lastKnownFileType = sourcecode.swift; path = AppDelegate.swift; sourceTree = "<group>"; };
		1F682B431A7462270021ABEA /* Images.xcassets */ = {isa = PBXFileReference; lastKnownFileType = folder.assetcatalog; path = Images.xcassets; sourceTree = "<group>"; };
		1F682B461A7462270021ABEA /* Base */ = {isa = PBXFileReference; lastKnownFileType = file.xib; name = Base; path = Base.lproj/MainMenu.xib; sourceTree = "<group>"; };
		1F8F88E41A772E88002CE00D /* Base */ = {isa = PBXFileReference; lastKnownFileType = file.xib; name = Base; path = Base.lproj/JSONEditorController.xib; sourceTree = "<group>"; };
		1F8F88E81A772E96002CE00D /* en */ = {isa = PBXFileReference; lastKnownFileType = text.plist.strings; name = en; path = en.lproj/JSONEditorController.strings; sourceTree = "<group>"; };
		1F8F88EC1A772EC5002CE00D /* en */ = {isa = PBXFileReference; lastKnownFileType = text.xml; name = en; path = en.lproj/JSONEditorController.stringsdict; sourceTree = "<group>"; };
		68817457F183C494E7E857C0 /* Pods.framework */ = {isa = PBXFileReference; explicitFileType = wrapper.framework; includeInIndex = 0; path = Pods.framework; sourceTree = BUILT_PRODUCTS_DIR; };
		6B4AFD1DF2B41A264ECF124F /* Pods.release.xcconfig */ = {isa = PBXFileReference; includeInIndex = 1; lastKnownFileType = text.xcconfig; name = Pods.release.xcconfig; path = "Pods/Target Support Files/Pods/Pods.release.xcconfig"; sourceTree = "<group>"; };
		F8C7C74AA53F176742776D7F /* Pods.debug.xcconfig */ = {isa = PBXFileReference; includeInIndex = 1; lastKnownFileType = text.xcconfig; name = Pods.debug.xcconfig; path = "Pods/Target Support Files/Pods/Pods.debug.xcconfig"; sourceTree = "<group>"; };
/* End PBXFileReference section */

/* Begin PBXFrameworksBuildPhase section */
		1F0378F31A7703CE00C86FA8 /* Frameworks */ = {
			isa = PBXFrameworksBuildPhase;
			buildActionMask = 2147483647;
			files = (
				1F03792F1A7710D300C86FA8 /* SwiftyJSON.framework in Frameworks */,
			);
			runOnlyForDeploymentPostprocessing = 0;
		};
		1F682B391A7462270021ABEA /* Frameworks */ = {
			isa = PBXFrameworksBuildPhase;
			buildActionMask = 2147483647;
			files = (
				3D83B9FF068C60FB17A5D7EC /* Pods.framework in Frameworks */,
				1F03790E1A7703CE00C86FA8 /* JSONEditor.framework in Frameworks */,
			);
			runOnlyForDeploymentPostprocessing = 0;
		};
/* End PBXFrameworksBuildPhase section */

/* Begin PBXGroup section */
		1F0378F81A7703CE00C86FA8 /* JSONEditor */ = {
			isa = PBXGroup;
			children = (
				1F0379171A77041D00C86FA8 /* JSONEditorController.swift */,
				1F8F88E51A772E88002CE00D /* JSONEditorController.xib */,
				1F8F88ED1A772EC5002CE00D /* JSONEditorController.stringsdict */,
				1F0378F91A7703CE00C86FA8 /* Supporting Files */,
			);
			path = JSONEditor;
			sourceTree = "<group>";
		};
		1F0378F91A7703CE00C86FA8 /* Supporting Files */ = {
			isa = PBXGroup;
			children = (
				1F0378FB1A7703CE00C86FA8 /* JSONEditor.h */,
				1F0378FA1A7703CE00C86FA8 /* Info.plist */,
			);
			name = "Supporting Files";
			sourceTree = "<group>";
		};
		1F03791F1A77106E00C86FA8 /* Products */ = {
			isa = PBXGroup;
			children = (
				1F03792C1A7710B400C86FA8 /* Pods.framework */,
				1F03792E1A7710B400C86FA8 /* SwiftyJSON.framework */,
			);
			name = Products;
			sourceTree = "<group>";
		};
		1F04705F1A74639200466760 /* Icons */ = {
			isa = PBXGroup;
			children = (
				1F0470601A7463A100466760 /* Application.icns */,
				1F0470611A7463A100466760 /* Document.icns */,
			);
			path = Icons;
			sourceTree = "<group>";
		};
		1F682B331A7462270021ABEA = {
			isa = PBXGroup;
			children = (
				1F682B3E1A7462270021ABEA /* WatchBuilder */,
				1F0378F81A7703CE00C86FA8 /* JSONEditor */,
				AC9A9D39DCF42204FEE417FD /* Frameworks */,
				1F682B3D1A7462270021ABEA /* Products */,
			);
			sourceTree = "<group>";
		};
		1F682B3D1A7462270021ABEA /* Products */ = {
			isa = PBXGroup;
			children = (
				1F682B3C1A7462270021ABEA /* WatchBuilder.app */,
				1F0378F71A7703CE00C86FA8 /* JSONEditor.framework */,
			);
			name = Products;
			sourceTree = "<group>";
		};
		1F682B3E1A7462270021ABEA /* WatchBuilder */ = {
			isa = PBXGroup;
			children = (
				1F682B411A7462270021ABEA /* AppDelegate.swift */,
				1F682B451A7462270021ABEA /* MainMenu.xib */,
				1F682B3F1A7462270021ABEA /* Supporting Files */,
			);
			path = WatchBuilder;
			sourceTree = "<group>";
		};
		1F682B3F1A7462270021ABEA /* Supporting Files */ = {
			isa = PBXGroup;
			children = (
				1F04705F1A74639200466760 /* Icons */,
				1F682B431A7462270021ABEA /* Images.xcassets */,
				1F04705E1A7462CC00466760 /* WatchBuilder.entitlements */,
				1F682B401A7462270021ABEA /* Info.plist */,
			);
			name = "Supporting Files";
			sourceTree = "<group>";
		};
		3F7AA6AF9CA5928CD60E9500 /* Pods */ = {
			isa = PBXGroup;
			children = (
				1F03791E1A77106E00C86FA8 /* Pods.xcodeproj */,
				F8C7C74AA53F176742776D7F /* Pods.debug.xcconfig */,
				6B4AFD1DF2B41A264ECF124F /* Pods.release.xcconfig */,
			);
			name = Pods;
			sourceTree = "<group>";
		};
		AC9A9D39DCF42204FEE417FD /* Frameworks */ = {
			isa = PBXGroup;
			children = (
				3F7AA6AF9CA5928CD60E9500 /* Pods */,
				68817457F183C494E7E857C0 /* Pods.framework */,
			);
			name = Frameworks;
			sourceTree = "<group>";
		};
/* End PBXGroup section */

/* Begin PBXHeadersBuildPhase section */
		1F0378F41A7703CE00C86FA8 /* Headers */ = {
			isa = PBXHeadersBuildPhase;
			buildActionMask = 2147483647;
			files = (
				1F0378FC1A7703CE00C86FA8 /* JSONEditor.h in Headers */,
			);
			runOnlyForDeploymentPostprocessing = 0;
		};
/* End PBXHeadersBuildPhase section */

/* Begin PBXNativeTarget section */
		1F0378F61A7703CE00C86FA8 /* JSONEditor */ = {
			isa = PBXNativeTarget;
			buildConfigurationList = 1F0379141A7703CE00C86FA8 /* Build configuration list for PBXNativeTarget "JSONEditor" */;
			buildPhases = (
				1F0378F21A7703CE00C86FA8 /* Sources */,
				1F0378F31A7703CE00C86FA8 /* Frameworks */,
				1F0378F41A7703CE00C86FA8 /* Headers */,
				1F0378F51A7703CE00C86FA8 /* Resources */,
			);
			buildRules = (
			);
			dependencies = (
				1F0379311A7710DA00C86FA8 /* PBXTargetDependency */,
			);
			name = JSONEditor;
			productName = JSONEditor;
			productReference = 1F0378F71A7703CE00C86FA8 /* JSONEditor.framework */;
			productType = "com.apple.product-type.framework";
		};
		1F682B3B1A7462270021ABEA /* WatchBuilder */ = {
			isa = PBXNativeTarget;
			buildConfigurationList = 1F682B561A7462280021ABEA /* Build configuration list for PBXNativeTarget "WatchBuilder" */;
			buildPhases = (
				B4403531FD47F86D4B3C5822 /* Check Pods Manifest.lock */,
				1F682B381A7462270021ABEA /* Sources */,
				1F682B391A7462270021ABEA /* Frameworks */,
				1F682B3A1A7462270021ABEA /* Resources */,
				3C9317678540A23714BA0FD1 /* Embed Pods Frameworks */,
				97C1BE41EF703DB8D91465B8 /* Copy Pods Resources */,
				1F0379151A7703CE00C86FA8 /* Embed Frameworks */,
			);
			buildRules = (
			);
			dependencies = (
				1F03790D1A7703CE00C86FA8 /* PBXTargetDependency */,
			);
			name = WatchBuilder;
			productName = WatchBuilder;
			productReference = 1F682B3C1A7462270021ABEA /* WatchBuilder.app */;
			productType = "com.apple.product-type.application";
		};
/* End PBXNativeTarget section */

/* Begin PBXProject section */
		1F682B341A7462270021ABEA /* Project object */ = {
			isa = PBXProject;
			attributes = {
				LastUpgradeCheck = 0610;
				ORGANIZATIONNAME = "William Kent";
				TargetAttributes = {
					1F0378F61A7703CE00C86FA8 = {
						CreatedOnToolsVersion = 6.2;
					};
					1F682B3B1A7462270021ABEA = {
						CreatedOnToolsVersion = 6.1;
						SystemCapabilities = {
							com.apple.Sandbox = {
								enabled = 1;
							};
						};
					};
				};
			};
			buildConfigurationList = 1F682B371A7462270021ABEA /* Build configuration list for PBXProject "WatchBuilder" */;
			compatibilityVersion = "Xcode 3.2";
			developmentRegion = English;
			hasScannedForEncodings = 0;
			knownRegions = (
				en,
				Base,
			);
			mainGroup = 1F682B331A7462270021ABEA;
			productRefGroup = 1F682B3D1A7462270021ABEA /* Products */;
			projectDirPath = "";
			projectReferences = (
				{
					ProductGroup = 1F03791F1A77106E00C86FA8 /* Products */;
					ProjectRef = 1F03791E1A77106E00C86FA8 /* Pods.xcodeproj */;
				},
			);
			projectRoot = "";
			targets = (
				1F682B3B1A7462270021ABEA /* WatchBuilder */,
				1F0378F61A7703CE00C86FA8 /* JSONEditor */,
			);
		};
/* End PBXProject section */

/* Begin PBXReferenceProxy section */
		1F03792C1A7710B400C86FA8 /* Pods.framework */ = {
			isa = PBXReferenceProxy;
			fileType = wrapper.framework;
			path = Pods.framework;
			remoteRef = 1F03792B1A7710B400C86FA8 /* PBXContainerItemProxy */;
			sourceTree = BUILT_PRODUCTS_DIR;
		};
		1F03792E1A7710B400C86FA8 /* SwiftyJSON.framework */ = {
			isa = PBXReferenceProxy;
			fileType = wrapper.framework;
			path = SwiftyJSON.framework;
			remoteRef = 1F03792D1A7710B400C86FA8 /* PBXContainerItemProxy */;
			sourceTree = BUILT_PRODUCTS_DIR;
		};
/* End PBXReferenceProxy section */

/* Begin PBXResourcesBuildPhase section */
		1F0378F51A7703CE00C86FA8 /* Resources */ = {
			isa = PBXResourcesBuildPhase;
			buildActionMask = 2147483647;
			files = (
				1F8F88E31A772E88002CE00D /* JSONEditorController.xib in Resources */,
				1F8F88EB1A772EC5002CE00D /* JSONEditorController.stringsdict in Resources */,
			);
			runOnlyForDeploymentPostprocessing = 0;
		};
		1F682B3A1A7462270021ABEA /* Resources */ = {
			isa = PBXResourcesBuildPhase;
			buildActionMask = 2147483647;
			files = (
				1F0470621A7463A100466760 /* Application.icns in Resources */,
				1F682B441A7462270021ABEA /* Images.xcassets in Resources */,
				1F682B471A7462270021ABEA /* MainMenu.xib in Resources */,
				1F0470631A7463A100466760 /* Document.icns in Resources */,
			);
			runOnlyForDeploymentPostprocessing = 0;
		};
/* End PBXResourcesBuildPhase section */

/* Begin PBXShellScriptBuildPhase section */
		3C9317678540A23714BA0FD1 /* Embed Pods Frameworks */ = {
			isa = PBXShellScriptBuildPhase;
			buildActionMask = 2147483647;
			files = (
			);
			inputPaths = (
			);
			name = "Embed Pods Frameworks";
			outputPaths = (
			);
			runOnlyForDeploymentPostprocessing = 0;
			shellPath = /bin/sh;
			shellScript = "\"${SRCROOT}/Pods/Target Support Files/Pods/Pods-frameworks.sh\"\n";
			showEnvVarsInLog = 0;
		};
		97C1BE41EF703DB8D91465B8 /* Copy Pods Resources */ = {
			isa = PBXShellScriptBuildPhase;
			buildActionMask = 2147483647;
			files = (
			);
			inputPaths = (
			);
			name = "Copy Pods Resources";
			outputPaths = (
			);
			runOnlyForDeploymentPostprocessing = 0;
			shellPath = /bin/sh;
			shellScript = "\"${SRCROOT}/Pods/Target Support Files/Pods/Pods-resources.sh\"\n";
			showEnvVarsInLog = 0;
		};
		B4403531FD47F86D4B3C5822 /* Check Pods Manifest.lock */ = {
			isa = PBXShellScriptBuildPhase;
			buildActionMask = 2147483647;
			files = (
			);
			inputPaths = (
			);
			name = "Check Pods Manifest.lock";
			outputPaths = (
			);
			runOnlyForDeploymentPostprocessing = 0;
			shellPath = /bin/sh;
			shellScript = "diff \"${PODS_ROOT}/../Podfile.lock\" \"${PODS_ROOT}/Manifest.lock\" > /dev/null\nif [[ $? != 0 ]] ; then\n    cat << EOM\nerror: The sandbox is not in sync with the Podfile.lock. Run 'pod install' or update your CocoaPods installation.\nEOM\n    exit 1\nfi\n";
			showEnvVarsInLog = 0;
		};
/* End PBXShellScriptBuildPhase section */

/* Begin PBXSourcesBuildPhase section */
		1F0378F21A7703CE00C86FA8 /* Sources */ = {
			isa = PBXSourcesBuildPhase;
			buildActionMask = 2147483647;
			files = (
				1F0379191A77041D00C86FA8 /* JSONEditorController.swift in Sources */,
			);
			runOnlyForDeploymentPostprocessing = 0;
		};
		1F682B381A7462270021ABEA /* Sources */ = {
			isa = PBXSourcesBuildPhase;
			buildActionMask = 2147483647;
			files = (
				1F682B421A7462270021ABEA /* AppDelegate.swift in Sources */,
			);
			runOnlyForDeploymentPostprocessing = 0;
		};
/* End PBXSourcesBuildPhase section */

/* Begin PBXTargetDependency section */
		1F03790D1A7703CE00C86FA8 /* PBXTargetDependency */ = {
			isa = PBXTargetDependency;
			target = 1F0378F61A7703CE00C86FA8 /* JSONEditor */;
			targetProxy = 1F03790C1A7703CE00C86FA8 /* PBXContainerItemProxy */;
		};
		1F0379311A7710DA00C86FA8 /* PBXTargetDependency */ = {
			isa = PBXTargetDependency;
			name = "Pods-SwiftyJSON";
			targetProxy = 1F0379301A7710DA00C86FA8 /* PBXContainerItemProxy */;
		};
/* End PBXTargetDependency section */

/* Begin PBXVariantGroup section */
		1F682B451A7462270021ABEA /* MainMenu.xib */ = {
			isa = PBXVariantGroup;
			children = (
				1F682B461A7462270021ABEA /* Base */,
			);
			name = MainMenu.xib;
			sourceTree = "<group>";
		};
		1F8F88E51A772E88002CE00D /* JSONEditorController.xib */ = {
			isa = PBXVariantGroup;
			children = (
				1F8F88E41A772E88002CE00D /* Base */,
				1F8F88E81A772E96002CE00D /* en */,
			);
			name = JSONEditorController.xib;
			sourceTree = "<group>";
		};
		1F8F88ED1A772EC5002CE00D /* JSONEditorController.stringsdict */ = {
			isa = PBXVariantGroup;
			children = (
				1F8F88EC1A772EC5002CE00D /* en */,
			);
			name = JSONEditorController.stringsdict;
			sourceTree = "<group>";
		};
/* End PBXVariantGroup section */

/* Begin XCBuildConfiguration section */
		1F0379101A7703CE00C86FA8 /* Debug */ = {
			isa = XCBuildConfiguration;
			baseConfigurationReference = 6B4AFD1DF2B41A264ECF124F /* Pods.release.xcconfig */;
			buildSettings = {
				CLANG_ENABLE_MODULES = YES;
				CODE_SIGN_IDENTITY = "-";
				COMBINE_HIDPI_IMAGES = YES;
				CURRENT_PROJECT_VERSION = 1;
				DEFINES_MODULE = YES;
				DYLIB_COMPATIBILITY_VERSION = 1;
				DYLIB_CURRENT_VERSION = 1;
				DYLIB_INSTALL_NAME_BASE = "@rpath";
				FRAMEWORK_SEARCH_PATHS = "$(BUILT_PRODUCTS_DIR)/Pods";
				FRAMEWORK_VERSION = A;
				GCC_PREPROCESSOR_DEFINITIONS = (
					"DEBUG=1",
					"$(inherited)",
				);
				INFOPLIST_FILE = JSONEditor/Info.plist;
				INSTALL_PATH = "$(LOCAL_LIBRARY_DIR)/Frameworks";
				LD_RUNPATH_SEARCH_PATHS = "$(inherited) @executable_path/../Frameworks @loader_path/Frameworks";
				PRODUCT_NAME = "$(TARGET_NAME)";
				SKIP_INSTALL = YES;
				SWIFT_OPTIMIZATION_LEVEL = "-Onone";
				VERSIONING_SYSTEM = "apple-generic";
				VERSION_INFO_PREFIX = "";
			};
			name = Debug;
		};
		1F0379111A7703CE00C86FA8 /* Release */ = {
			isa = XCBuildConfiguration;
			baseConfigurationReference = 6B4AFD1DF2B41A264ECF124F /* Pods.release.xcconfig */;
			buildSettings = {
				CLANG_ENABLE_MODULES = YES;
				CODE_SIGN_IDENTITY = "-";
				COMBINE_HIDPI_IMAGES = YES;
				COPY_PHASE_STRIP = NO;
				CURRENT_PROJECT_VERSION = 1;
				DEFINES_MODULE = YES;
				DYLIB_COMPATIBILITY_VERSION = 1;
				DYLIB_CURRENT_VERSION = 1;
				DYLIB_INSTALL_NAME_BASE = "@rpath";
				FRAMEWORK_SEARCH_PATHS = "$(BUILT_PRODUCTS_DIR)/Pods";
				FRAMEWORK_VERSION = A;
				INFOPLIST_FILE = JSONEditor/Info.plist;
				INSTALL_PATH = "$(LOCAL_LIBRARY_DIR)/Frameworks";
				LD_RUNPATH_SEARCH_PATHS = "$(inherited) @executable_path/../Frameworks @loader_path/Frameworks";
				PRODUCT_NAME = "$(TARGET_NAME)";
				SKIP_INSTALL = YES;
				VERSIONING_SYSTEM = "apple-generic";
				VERSION_INFO_PREFIX = "";
			};
			name = Release;
		};
		1F682B541A7462280021ABEA /* Debug */ = {
			isa = XCBuildConfiguration;
			buildSettings = {
				ALWAYS_SEARCH_USER_PATHS = NO;
				CLANG_CXX_LANGUAGE_STANDARD = "gnu++0x";
				CLANG_CXX_LIBRARY = "libc++";
				CLANG_ENABLE_MODULES = YES;
				CLANG_ENABLE_OBJC_ARC = YES;
				CLANG_WARN_BOOL_CONVERSION = YES;
				CLANG_WARN_CONSTANT_CONVERSION = YES;
				CLANG_WARN_DIRECT_OBJC_ISA_USAGE = YES_ERROR;
				CLANG_WARN_EMPTY_BODY = YES;
				CLANG_WARN_ENUM_CONVERSION = YES;
				CLANG_WARN_INT_CONVERSION = YES;
				CLANG_WARN_OBJC_ROOT_CLASS = YES_ERROR;
				CLANG_WARN_UNREACHABLE_CODE = YES;
				CLANG_WARN__DUPLICATE_METHOD_MATCH = YES;
				CODE_SIGNING_REQUIRED = YES;
				CODE_SIGN_IDENTITY = "-";
				COPY_PHASE_STRIP = NO;
				ENABLE_STRICT_OBJC_MSGSEND = YES;
				GCC_C_LANGUAGE_STANDARD = gnu99;
				GCC_DYNAMIC_NO_PIC = NO;
				GCC_OPTIMIZATION_LEVEL = 0;
				GCC_PREPROCESSOR_DEFINITIONS = (
					"DEBUG=1",
					"$(inherited)",
				);
				GCC_SYMBOLS_PRIVATE_EXTERN = NO;
				GCC_WARN_64_TO_32_BIT_CONVERSION = YES;
				GCC_WARN_ABOUT_RETURN_TYPE = YES_ERROR;
				GCC_WARN_UNDECLARED_SELECTOR = YES;
				GCC_WARN_UNINITIALIZED_AUTOS = YES_AGGRESSIVE;
				GCC_WARN_UNUSED_FUNCTION = YES;
				GCC_WARN_UNUSED_VARIABLE = YES;
				MACOSX_DEPLOYMENT_TARGET = 10.10;
				MTL_ENABLE_DEBUG_INFO = YES;
				ONLY_ACTIVE_ARCH = YES;
				SDKROOT = macosx;
				SWIFT_OPTIMIZATION_LEVEL = "-Onone";
			};
			name = Debug;
		};
		1F682B551A7462280021ABEA /* Release */ = {
			isa = XCBuildConfiguration;
			buildSettings = {
				ALWAYS_SEARCH_USER_PATHS = NO;
				CLANG_CXX_LANGUAGE_STANDARD = "gnu++0x";
				CLANG_CXX_LIBRARY = "libc++";
				CLANG_ENABLE_MODULES = YES;
				CLANG_ENABLE_OBJC_ARC = YES;
				CLANG_WARN_BOOL_CONVERSION = YES;
				CLANG_WARN_CONSTANT_CONVERSION = YES;
				CLANG_WARN_DIRECT_OBJC_ISA_USAGE = YES_ERROR;
				CLANG_WARN_EMPTY_BODY = YES;
				CLANG_WARN_ENUM_CONVERSION = YES;
				CLANG_WARN_INT_CONVERSION = YES;
				CLANG_WARN_OBJC_ROOT_CLASS = YES_ERROR;
				CLANG_WARN_UNREACHABLE_CODE = YES;
				CLANG_WARN__DUPLICATE_METHOD_MATCH = YES;
				CODE_SIGNING_REQUIRED = YES;
				CODE_SIGN_IDENTITY = "-";
				COPY_PHASE_STRIP = YES;
				DEBUG_INFORMATION_FORMAT = "dwarf-with-dsym";
				ENABLE_NS_ASSERTIONS = NO;
				ENABLE_STRICT_OBJC_MSGSEND = YES;
				GCC_C_LANGUAGE_STANDARD = gnu99;
				GCC_WARN_64_TO_32_BIT_CONVERSION = YES;
				GCC_WARN_ABOUT_RETURN_TYPE = YES_ERROR;
				GCC_WARN_UNDECLARED_SELECTOR = YES;
				GCC_WARN_UNINITIALIZED_AUTOS = YES_AGGRESSIVE;
				GCC_WARN_UNUSED_FUNCTION = YES;
				GCC_WARN_UNUSED_VARIABLE = YES;
				MACOSX_DEPLOYMENT_TARGET = 10.10;
				MTL_ENABLE_DEBUG_INFO = NO;
				SDKROOT = macosx;
			};
			name = Release;
		};
		1F682B571A7462280021ABEA /* Debug */ = {
			isa = XCBuildConfiguration;
			baseConfigurationReference = F8C7C74AA53F176742776D7F /* Pods.debug.xcconfig */;
			buildSettings = {
				CODE_SIGN_ENTITLEMENTS = WatchBuilder/WatchBuilder.entitlements;
				CODE_SIGN_IDENTITY = "-";
				COMBINE_HIDPI_IMAGES = YES;
				INFOPLIST_FILE = WatchBuilder/Info.plist;
				LD_RUNPATH_SEARCH_PATHS = "$(inherited) @executable_path/../Frameworks";
				PRODUCT_NAME = "$(TARGET_NAME)";
			};
			name = Debug;
		};
		1F682B581A7462280021ABEA /* Release */ = {
			isa = XCBuildConfiguration;
			baseConfigurationReference = 6B4AFD1DF2B41A264ECF124F /* Pods.release.xcconfig */;
			buildSettings = {
				CODE_SIGN_ENTITLEMENTS = WatchBuilder/WatchBuilder.entitlements;
				CODE_SIGN_IDENTITY = "-";
				COMBINE_HIDPI_IMAGES = YES;
				INFOPLIST_FILE = WatchBuilder/Info.plist;
				LD_RUNPATH_SEARCH_PATHS = "$(inherited) @executable_path/../Frameworks";
				PRODUCT_NAME = "$(TARGET_NAME)";
			};
			name = Release;
		};
/* End XCBuildConfiguration section */

/* Begin XCConfigurationList section */
		1F0379141A7703CE00C86FA8 /* Build configuration list for PBXNativeTarget "JSONEditor" */ = {
			isa = XCConfigurationList;
			buildConfigurations = (
				1F0379101A7703CE00C86FA8 /* Debug */,
				1F0379111A7703CE00C86FA8 /* Release */,
			);
			defaultConfigurationIsVisible = 0;
			defaultConfigurationName = Release;
		};
		1F682B371A7462270021ABEA /* Build configuration list for PBXProject "WatchBuilder" */ = {
			isa = XCConfigurationList;
			buildConfigurations = (
				1F682B541A7462280021ABEA /* Debug */,
				1F682B551A7462280021ABEA /* Release */,
			);
			defaultConfigurationIsVisible = 0;
			defaultConfigurationName = Release;
		};
		1F682B561A7462280021ABEA /* Build configuration list for PBXNativeTarget "WatchBuilder" */ = {
			isa = XCConfigurationList;
			buildConfigurations = (
				1F682B571A7462280021ABEA /* Debug */,
				1F682B581A7462280021ABEA /* Release */,
			);
			defaultConfigurationIsVisible = 0;
			defaultConfigurationName = Release;
		};
/* End XCConfigurationList section */
	};
	rootObject = 1F682B341A7462270021ABEA /* Project object */;
}
